// !$*UTF8*$!
{
	archiveVersion = 1;
	classes = {
	};
	objectVersion = 46;
	objects = {

/* Begin PBXBuildFile section */
		5EE625661CD16CEE00ED1539 /* main.m in Sources */ = {isa = PBXBuildFile; fileRef = 5EE625651CD16CEE00ED1539 /* main.m */; };
		5EE625691CD16CEE00ED1539 /* AppDelegate.m in Sources */ = {isa = PBXBuildFile; fileRef = 5EE625681CD16CEE00ED1539 /* AppDelegate.m */; };
		5EE6256C1CD16CEE00ED1539 /* FirstViewController.m in Sources */ = {isa = PBXBuildFile; fileRef = 5EE6256B1CD16CEE00ED1539 /* FirstViewController.m */; };
		5EE6256F1CD16CEE00ED1539 /* SecondViewController.m in Sources */ = {isa = PBXBuildFile; fileRef = 5EE6256E1CD16CEE00ED1539 /* SecondViewController.m */; };
		5EE625721CD16CEE00ED1539 /* Main.storyboard in Resources */ = {isa = PBXBuildFile; fileRef = 5EE625701CD16CEE00ED1539 /* Main.storyboard */; };
		5EE625741CD16CEE00ED1539 /* Assets.xcassets in Resources */ = {isa = PBXBuildFile; fileRef = 5EE625731CD16CEE00ED1539 /* Assets.xcassets */; };
		5EE625771CD16CEE00ED1539 /* LaunchScreen.storyboard in Resources */ = {isa = PBXBuildFile; fileRef = 5EE625751CD16CEE00ED1539 /* LaunchScreen.storyboard */; };
		5EE625821CD16CEE00ED1539 /* outfitterTests.m in Sources */ = {isa = PBXBuildFile; fileRef = 5EE625811CD16CEE00ED1539 /* outfitterTests.m */; };
		5EE6258D1CD16CEE00ED1539 /* outfitterUITests.m in Sources */ = {isa = PBXBuildFile; fileRef = 5EE6258C1CD16CEE00ED1539 /* outfitterUITests.m */; };
/* End PBXBuildFile section */

/* Begin PBXContainerItemProxy section */
		5EE6257E1CD16CEE00ED1539 /* PBXContainerItemProxy */ = {
			isa = PBXContainerItemProxy;
			containerPortal = 5EE625591CD16CEE00ED1539 /* Project object */;
			proxyType = 1;
			remoteGlobalIDString = 5EE625601CD16CEE00ED1539;
			remoteInfo = outfitter;
		};
		5EE625891CD16CEE00ED1539 /* PBXContainerItemProxy */ = {
			isa = PBXContainerItemProxy;
			containerPortal = 5EE625591CD16CEE00ED1539 /* Project object */;
			proxyType = 1;
			remoteGlobalIDString = 5EE625601CD16CEE00ED1539;
			remoteInfo = outfitter;
		};
/* End PBXContainerItemProxy section */

/* Begin PBXFileReference section */
		5EE625611CD16CEE00ED1539 /* outfitter.app */ = {isa = PBXFileReference; explicitFileType = wrapper.application; includeInIndex = 0; path = outfitter.app; sourceTree = BUILT_PRODUCTS_DIR; };
		5EE625651CD16CEE00ED1539 /* main.m */ = {isa = PBXFileReference; lastKnownFileType = sourcecode.c.objc; path = main.m; sourceTree = "<group>"; };
		5EE625671CD16CEE00ED1539 /* AppDelegate.h */ = {isa = PBXFileReference; lastKnownFileType = sourcecode.c.h; path = AppDelegate.h; sourceTree = "<group>"; };
		5EE625681CD16CEE00ED1539 /* AppDelegate.m */ = {isa = PBXFileReference; lastKnownFileType = sourcecode.c.objc; path = AppDelegate.m; sourceTree = "<group>"; };
		5EE6256A1CD16CEE00ED1539 /* FirstViewController.h */ = {isa = PBXFileReference; lastKnownFileType = sourcecode.c.h; path = FirstViewController.h; sourceTree = "<group>"; };
		5EE6256B1CD16CEE00ED1539 /* FirstViewController.m */ = {isa = PBXFileReference; lastKnownFileType = sourcecode.c.objc; path = FirstViewController.m; sourceTree = "<group>"; };
		5EE6256D1CD16CEE00ED1539 /* SecondViewController.h */ = {isa = PBXFileReference; lastKnownFileType = sourcecode.c.h; path = SecondViewController.h; sourceTree = "<group>"; };
		5EE6256E1CD16CEE00ED1539 /* SecondViewController.m */ = {isa = PBXFileReference; lastKnownFileType = sourcecode.c.objc; path = SecondViewController.m; sourceTree = "<group>"; };
		5EE625711CD16CEE00ED1539 /* Base */ = {isa = PBXFileReference; lastKnownFileType = file.storyboard; name = Base; path = Base.lproj/Main.storyboard; sourceTree = "<group>"; };
		5EE625731CD16CEE00ED1539 /* Assets.xcassets */ = {isa = PBXFileReference; lastKnownFileType = folder.assetcatalog; path = Assets.xcassets; sourceTree = "<group>"; };
		5EE625761CD16CEE00ED1539 /* Base */ = {isa = PBXFileReference; lastKnownFileType = file.storyboard; name = Base; path = Base.lproj/LaunchScreen.storyboard; sourceTree = "<group>"; };
		5EE625781CD16CEE00ED1539 /* Info.plist */ = {isa = PBXFileReference; lastKnownFileType = text.plist.xml; path = Info.plist; sourceTree = "<group>"; };
		5EE6257D1CD16CEE00ED1539 /* outfitterTests.xctest */ = {isa = PBXFileReference; explicitFileType = wrapper.cfbundle; includeInIndex = 0; path = outfitterTests.xctest; sourceTree = BUILT_PRODUCTS_DIR; };
		5EE625811CD16CEE00ED1539 /* outfitterTests.m */ = {isa = PBXFileReference; lastKnownFileType = sourcecode.c.objc; path = outfitterTests.m; sourceTree = "<group>"; };
		5EE625831CD16CEE00ED1539 /* Info.plist */ = {isa = PBXFileReference; lastKnownFileType = text.plist.xml; path = Info.plist; sourceTree = "<group>"; };
		5EE625881CD16CEE00ED1539 /* outfitterUITests.xctest */ = {isa = PBXFileReference; explicitFileType = wrapper.cfbundle; includeInIndex = 0; path = outfitterUITests.xctest; sourceTree = BUILT_PRODUCTS_DIR; };
		5EE6258C1CD16CEE00ED1539 /* outfitterUITests.m */ = {isa = PBXFileReference; lastKnownFileType = sourcecode.c.objc; path = outfitterUITests.m; sourceTree = "<group>"; };
		5EE6258E1CD16CEE00ED1539 /* Info.plist */ = {isa = PBXFileReference; lastKnownFileType = text.plist.xml; path = Info.plist; sourceTree = "<group>"; };
/* End PBXFileReference section */

/* Begin PBXFrameworksBuildPhase section */
		5EE6255E1CD16CEE00ED1539 /* Frameworks */ = {
			isa = PBXFrameworksBuildPhase;
			buildActionMask = 2147483647;
			files = (
			);
			runOnlyForDeploymentPostprocessing = 0;
		};
		5EE6257A1CD16CEE00ED1539 /* Frameworks */ = {
			isa = PBXFrameworksBuildPhase;
			buildActionMask = 2147483647;
			files = (
			);
			runOnlyForDeploymentPostprocessing = 0;
		};
		5EE625851CD16CEE00ED1539 /* Frameworks */ = {
			isa = PBXFrameworksBuildPhase;
			buildActionMask = 2147483647;
			files = (
			);
			runOnlyForDeploymentPostprocessing = 0;
		};
/* End PBXFrameworksBuildPhase section */

/* Begin PBXGroup section */
		5EE625581CD16CEE00ED1539 = {
			isa = PBXGroup;
			children = (
				5EE625631CD16CEE00ED1539 /* outfitter */,
				5EE625801CD16CEE00ED1539 /* outfitterTests */,
				5EE6258B1CD16CEE00ED1539 /* outfitterUITests */,
				5EE625621CD16CEE00ED1539 /* Products */,
			);
			sourceTree = "<group>";
		};
		5EE625621CD16CEE00ED1539 /* Products */ = {
			isa = PBXGroup;
			children = (
				5EE625611CD16CEE00ED1539 /* outfitter.app */,
				5EE6257D1CD16CEE00ED1539 /* outfitterTests.xctest */,
				5EE625881CD16CEE00ED1539 /* outfitterUITests.xctest */,
			);
			name = Products;
			sourceTree = "<group>";
		};
		5EE625631CD16CEE00ED1539 /* outfitter */ = {
			isa = PBXGroup;
			children = (
				5EE625671CD16CEE00ED1539 /* AppDelegate.h */,
				5EE625681CD16CEE00ED1539 /* AppDelegate.m */,
				5EE6256A1CD16CEE00ED1539 /* FirstViewController.h */,
				5EE6256B1CD16CEE00ED1539 /* FirstViewController.m */,
				5EE6256D1CD16CEE00ED1539 /* SecondViewController.h */,
				5EE6256E1CD16CEE00ED1539 /* SecondViewController.m */,
				5EE625701CD16CEE00ED1539 /* Main.storyboard */,
				5EE625731CD16CEE00ED1539 /* Assets.xcassets */,
				5EE625751CD16CEE00ED1539 /* LaunchScreen.storyboard */,
				5EE625781CD16CEE00ED1539 /* Info.plist */,
				5EE625641CD16CEE00ED1539 /* Supporting Files */,
			);
			path = outfitter;
			sourceTree = "<group>";
		};
		5EE625641CD16CEE00ED1539 /* Supporting Files */ = {
			isa = PBXGroup;
			children = (
				5EE625651CD16CEE00ED1539 /* main.m */,
			);
			name = "Supporting Files";
			sourceTree = "<group>";
		};
		5EE625801CD16CEE00ED1539 /* outfitterTests */ = {
			isa = PBXGroup;
			children = (
				5EE625811CD16CEE00ED1539 /* outfitterTests.m */,
				5EE625831CD16CEE00ED1539 /* Info.plist */,
			);
			path = outfitterTests;
			sourceTree = "<group>";
		};
		5EE6258B1CD16CEE00ED1539 /* outfitterUITests */ = {
			isa = PBXGroup;
			children = (
				5EE6258C1CD16CEE00ED1539 /* outfitterUITests.m */,
				5EE6258E1CD16CEE00ED1539 /* Info.plist */,
			);
			path = outfitterUITests;
			sourceTree = "<group>";
		};
/* End PBXGroup section */

/* Begin PBXNativeTarget section */
		5EE625601CD16CEE00ED1539 /* outfitter */ = {
			isa = PBXNativeTarget;
			buildConfigurationList = 5EE625911CD16CEE00ED1539 /* Build configuration list for PBXNativeTarget "outfitter" */;
			buildPhases = (
				5EE6255D1CD16CEE00ED1539 /* Sources */,
				5EE6255E1CD16CEE00ED1539 /* Frameworks */,
				5EE6255F1CD16CEE00ED1539 /* Resources */,
			);
			buildRules = (
			);
			dependencies = (
			);
			name = outfitter;
			productName = outfitter;
			productReference = 5EE625611CD16CEE00ED1539 /* outfitter.app */;
			productType = "com.apple.product-type.application";
		};
		5EE6257C1CD16CEE00ED1539 /* outfitterTests */ = {
			isa = PBXNativeTarget;
			buildConfigurationList = 5EE625941CD16CEE00ED1539 /* Build configuration list for PBXNativeTarget "outfitterTests" */;
			buildPhases = (
				5EE625791CD16CEE00ED1539 /* Sources */,
				5EE6257A1CD16CEE00ED1539 /* Frameworks */,
				5EE6257B1CD16CEE00ED1539 /* Resources */,
			);
			buildRules = (
			);
			dependencies = (
				5EE6257F1CD16CEE00ED1539 /* PBXTargetDependency */,
			);
			name = outfitterTests;
			productName = outfitterTests;
			productReference = 5EE6257D1CD16CEE00ED1539 /* outfitterTests.xctest */;
			productType = "com.apple.product-type.bundle.unit-test";
		};
		5EE625871CD16CEE00ED1539 /* outfitterUITests */ = {
			isa = PBXNativeTarget;
			buildConfigurationList = 5EE625971CD16CEE00ED1539 /* Build configuration list for PBXNativeTarget "outfitterUITests" */;
			buildPhases = (
				5EE625841CD16CEE00ED1539 /* Sources */,
				5EE625851CD16CEE00ED1539 /* Frameworks */,
				5EE625861CD16CEE00ED1539 /* Resources */,
			);
			buildRules = (
			);
			dependencies = (
				5EE6258A1CD16CEE00ED1539 /* PBXTargetDependency */,
			);
			name = outfitterUITests;
			productName = outfitterUITests;
			productReference = 5EE625881CD16CEE00ED1539 /* outfitterUITests.xctest */;
			productType = "com.apple.product-type.bundle.ui-testing";
		};
/* End PBXNativeTarget section */

/* Begin PBXProject section */
		5EE625591CD16CEE00ED1539 /* Project object */ = {
			isa = PBXProject;
			attributes = {
				LastUpgradeCheck = 0710;
				ORGANIZATIONNAME = dc;
				TargetAttributes = {
					5EE625601CD16CEE00ED1539 = {
						CreatedOnToolsVersion = 7.1;
					};
					5EE6257C1CD16CEE00ED1539 = {
						CreatedOnToolsVersion = 7.1;
						TestTargetID = 5EE625601CD16CEE00ED1539;
					};
					5EE625871CD16CEE00ED1539 = {
						CreatedOnToolsVersion = 7.1;
						TestTargetID = 5EE625601CD16CEE00ED1539;
					};
				};
			};
			buildConfigurationList = 5EE6255C1CD16CEE00ED1539 /* Build configuration list for PBXProject "outfitter" */;
			compatibilityVersion = "Xcode 3.2";
			developmentRegion = English;
			hasScannedForEncodings = 0;
			knownRegions = (
				en,
				Base,
			);
			mainGroup = 5EE625581CD16CEE00ED1539;
			productRefGroup = 5EE625621CD16CEE00ED1539 /* Products */;
			projectDirPath = "";
			projectRoot = "";
			targets = (
				5EE625601CD16CEE00ED1539 /* outfitter */,
				5EE6257C1CD16CEE00ED1539 /* outfitterTests */,
				5EE625871CD16CEE00ED1539 /* outfitterUITests */,
			);
		};
/* End PBXProject section */

/* Begin PBXResourcesBuildPhase section */
		5EE6255F1CD16CEE00ED1539 /* Resources */ = {
			isa = PBXResourcesBuildPhase;
			buildActionMask = 2147483647;
			files = (
				5EE625771CD16CEE00ED1539 /* LaunchScreen.storyboard in Resources */,
				5EE625741CD16CEE00ED1539 /* Assets.xcassets in Resources */,
				5EE625721CD16CEE00ED1539 /* Main.storyboard in Resources */,
			);
			runOnlyForDeploymentPostprocessing = 0;
		};
		5EE6257B1CD16CEE00ED1539 /* Resources */ = {
			isa = PBXResourcesBuildPhase;
			buildActionMask = 2147483647;
			files = (
			);
			runOnlyForDeploymentPostprocessing = 0;
		};
		5EE625861CD16CEE00ED1539 /* Resources */ = {
			isa = PBXResourcesBuildPhase;
			buildActionMask = 2147483647;
			files = (
			);
			runOnlyForDeploymentPostprocessing = 0;
		};
/* End PBXResourcesBuildPhase section */

/* Begin PBXSourcesBuildPhase section */
		5EE6255D1CD16CEE00ED1539 /* Sources */ = {
			isa = PBXSourcesBuildPhase;
			buildActionMask = 2147483647;
			files = (
				5EE6256F1CD16CEE00ED1539 /* SecondViewController.m in Sources */,
				5EE625691CD16CEE00ED1539 /* AppDelegate.m in Sources */,
				5EE6256C1CD16CEE00ED1539 /* FirstViewController.m in Sources */,
				5EE625661CD16CEE00ED1539 /* main.m in Sources */,
			);
			runOnlyForDeploymentPostprocessing = 0;
		};
		5EE625791CD16CEE00ED1539 /* Sources */ = {
			isa = PBXSourcesBuildPhase;
			buildActionMask = 2147483647;
			files = (
				5EE625821CD16CEE00ED1539 /* outfitterTests.m in Sources */,
			);
			runOnlyForDeploymentPostprocessing = 0;
		};
		5EE625841CD16CEE00ED1539 /* Sources */ = {
			isa = PBXSourcesBuildPhase;
			buildActionMask = 2147483647;
			files = (
				5EE6258D1CD16CEE00ED1539 /* outfitterUITests.m in Sources */,
			);
			runOnlyForDeploymentPostprocessing = 0;
		};
/* End PBXSourcesBuildPhase section */

/* Begin PBXTargetDependency section */
		5EE6257F1CD16CEE00ED1539 /* PBXTargetDependency */ = {
			isa = PBXTargetDependency;
			target = 5EE625601CD16CEE00ED1539 /* outfitter */;
			targetProxy = 5EE6257E1CD16CEE00ED1539 /* PBXContainerItemProxy */;
		};
		5EE6258A1CD16CEE00ED1539 /* PBXTargetDependency */ = {
			isa = PBXTargetDependency;
			target = 5EE625601CD16CEE00ED1539 /* outfitter */;
			targetProxy = 5EE625891CD16CEE00ED1539 /* PBXContainerItemProxy */;
		};
/* End PBXTargetDependency section */

/* Begin PBXVariantGroup section */
		5EE625701CD16CEE00ED1539 /* Main.storyboard */ = {
			isa = PBXVariantGroup;
			children = (
				5EE625711CD16CEE00ED1539 /* Base */,
			);
			name = Main.storyboard;
			sourceTree = "<group>";
		};
		5EE625751CD16CEE00ED1539 /* LaunchScreen.storyboard */ = {
			isa = PBXVariantGroup;
			children = (
				5EE625761CD16CEE00ED1539 /* Base */,
			);
			name = LaunchScreen.storyboard;
			sourceTree = "<group>";
		};
/* End PBXVariantGroup section */

/* Begin XCBuildConfiguration section */
		5EE6258F1CD16CEE00ED1539 /* Debug */ = {
			isa = XCBuildConfiguration;
			buildSettings = {
				ALWAYS_SEARCH_USER_PATHS = NO;
				CLANG_CXX_LANGUAGE_STANDARD = "gnu++0x";
				CLANG_CXX_LIBRARY = "libc++";
				CLANG_ENABLE_MODULES = YES;
				CLANG_ENABLE_OBJC_ARC = YES;
				CLANG_WARN_BOOL_CONVERSION = YES;
				CLANG_WARN_CONSTANT_CONVERSION = YES;
				CLANG_WARN_DIRECT_OBJC_ISA_USAGE = YES_ERROR;
				CLANG_WARN_EMPTY_BODY = YES;
				CLANG_WARN_ENUM_CONVERSION = YES;
				CLANG_WARN_INT_CONVERSION = YES;
				CLANG_WARN_OBJC_ROOT_CLASS = YES_ERROR;
				CLANG_WARN_UNREACHABLE_CODE = YES;
				CLANG_WARN__DUPLICATE_METHOD_MATCH = YES;
				"CODE_SIGN_IDENTITY[sdk=iphoneos*]" = "iPhone Developer";
				COPY_PHASE_STRIP = NO;
				DEBUG_INFORMATION_FORMAT = dwarf;
				ENABLE_STRICT_OBJC_MSGSEND = YES;
				ENABLE_TESTABILITY = YES;
				GCC_C_LANGUAGE_STANDARD = gnu99;
				GCC_DYNAMIC_NO_PIC = NO;
				GCC_NO_COMMON_BLOCKS = YES;
				GCC_OPTIMIZATION_LEVEL = 0;
				GCC_PREPROCESSOR_DEFINITIONS = (
					"DEBUG=1",
					"$(inherited)",
				);
				GCC_WARN_64_TO_32_BIT_CONVERSION = YES;
				GCC_WARN_ABOUT_RETURN_TYPE = YES_ERROR;
				GCC_WARN_UNDECLARED_SELECTOR = YES;
				GCC_WARN_UNINITIALIZED_AUTOS = YES_AGGRESSIVE;
				GCC_WARN_UNUSED_FUNCTION = YES;
				GCC_WARN_UNUSED_VARIABLE = YES;
				IPHONEOS_DEPLOYMENT_TARGET = 9.1;
				MTL_ENABLE_DEBUG_INFO = YES;
				ONLY_ACTIVE_ARCH = YES;
				SDKROOT = iphoneos;
			};
			name = Debug;
		};
		5EE625901CD16CEE00ED1539 /* Release */ = {
			isa = XCBuildConfiguration;
			buildSettings = {
				ALWAYS_SEARCH_USER_PATHS = NO;
				CLANG_CXX_LANGUAGE_STANDARD = "gnu++0x";
				CLANG_CXX_LIBRARY = "libc++";
				CLANG_ENABLE_MODULES = YES;
				CLANG_ENABLE_OBJC_ARC = YES;
				CLANG_WARN_BOOL_CONVERSION = YES;
				CLANG_WARN_CONSTANT_CONVERSION = YES;
				CLANG_WARN_DIRECT_OBJC_ISA_USAGE = YES_ERROR;
				CLANG_WARN_EMPTY_BODY = YES;
				CLANG_WARN_ENUM_CONVERSION = YES;
				CLANG_WARN_INT_CONVERSION = YES;
				CLANG_WARN_OBJC_ROOT_CLASS = YES_ERROR;
				CLANG_WARN_UNREACHABLE_CODE = YES;
				CLANG_WARN__DUPLICATE_METHOD_MATCH = YES;
				"CODE_SIGN_IDENTITY[sdk=iphoneos*]" = "iPhone Developer";
				COPY_PHASE_STRIP = NO;
				DEBUG_INFORMATION_FORMAT = "dwarf-with-dsym";
				ENABLE_NS_ASSERTIONS = NO;
				ENABLE_STRICT_OBJC_MSGSEND = YES;
				GCC_C_LANGUAGE_STANDARD = gnu99;
				GCC_NO_COMMON_BLOCKS = YES;
				GCC_WARN_64_TO_32_BIT_CONVERSION = YES;
				GCC_WARN_ABOUT_RETURN_TYPE = YES_ERROR;
				GCC_WARN_UNDECLARED_SELECTOR = YES;
				GCC_WARN_UNINITIALIZED_AUTOS = YES_AGGRESSIVE;
				GCC_WARN_UNUSED_FUNCTION = YES;
				GCC_WARN_UNUSED_VARIABLE = YES;
				IPHONEOS_DEPLOYMENT_TARGET = 9.1;
				MTL_ENABLE_DEBUG_INFO = NO;
				SDKROOT = iphoneos;
				VALIDATE_PRODUCT = YES;
			};
			name = Release;
		};
		5EE625921CD16CEE00ED1539 /* Debug */ = {
			isa = XCBuildConfiguration;
			buildSettings = {
				ASSETCATALOG_COMPILER_APPICON_NAME = AppIcon;
				INFOPLIST_FILE = outfitter/Info.plist;
				LD_RUNPATH_SEARCH_PATHS = "$(inherited) @executable_path/Frameworks";
				PRODUCT_BUNDLE_IDENTIFIER = dc.outfitter;
				PRODUCT_NAME = "$(TARGET_NAME)";
			};
			name = Debug;
		};
		5EE625931CD16CEE00ED1539 /* Release */ = {
			isa = XCBuildConfiguration;
			buildSettings = {
				ASSETCATALOG_COMPILER_APPICON_NAME = AppIcon;
				INFOPLIST_FILE = outfitter/Info.plist;
				LD_RUNPATH_SEARCH_PATHS = "$(inherited) @executable_path/Frameworks";
				PRODUCT_BUNDLE_IDENTIFIER = dc.outfitter;
				PRODUCT_NAME = "$(TARGET_NAME)";
			};
			name = Release;
		};
		5EE625951CD16CEE00ED1539 /* Debug */ = {
			isa = XCBuildConfiguration;
			buildSettings = {
				BUNDLE_LOADER = "$(TEST_HOST)";
				INFOPLIST_FILE = outfitterTests/Info.plist;
				LD_RUNPATH_SEARCH_PATHS = "$(inherited) @executable_path/Frameworks @loader_path/Frameworks";
				PRODUCT_BUNDLE_IDENTIFIER = dc.outfitterTests;
				PRODUCT_NAME = "$(TARGET_NAME)";
				TEST_HOST = "$(BUILT_PRODUCTS_DIR)/outfitter.app/outfitter";
			};
			name = Debug;
		};
		5EE625961CD16CEE00ED1539 /* Release */ = {
			isa = XCBuildConfiguration;
			buildSettings = {
				BUNDLE_LOADER = "$(TEST_HOST)";
				INFOPLIST_FILE = outfitterTests/Info.plist;
				LD_RUNPATH_SEARCH_PATHS = "$(inherited) @executable_path/Frameworks @loader_path/Frameworks";
				PRODUCT_BUNDLE_IDENTIFIER = dc.outfitterTests;
				PRODUCT_NAME = "$(TARGET_NAME)";
				TEST_HOST = "$(BUILT_PRODUCTS_DIR)/outfitter.app/outfitter";
			};
			name = Release;
		};
		5EE625981CD16CEE00ED1539 /* Debug */ = {
			isa = XCBuildConfiguration;
			buildSettings = {
				INFOPLIST_FILE = outfitterUITests/Info.plist;
				LD_RUNPATH_SEARCH_PATHS = "$(inherited) @executable_path/Frameworks @loader_path/Frameworks";
				PRODUCT_BUNDLE_IDENTIFIER = dc.outfitterUITests;
				PRODUCT_NAME = "$(TARGET_NAME)";
				TEST_TARGET_NAME = outfitter;
				USES_XCTRUNNER = YES;
			};
			name = Debug;
		};
		5EE625991CD16CEE00ED1539 /* Release */ = {
			isa = XCBuildConfiguration;
			buildSettings = {
				INFOPLIST_FILE = outfitterUITests/Info.plist;
				LD_RUNPATH_SEARCH_PATHS = "$(inherited) @executable_path/Frameworks @loader_path/Frameworks";
				PRODUCT_BUNDLE_IDENTIFIER = dc.outfitterUITests;
				PRODUCT_NAME = "$(TARGET_NAME)";
				TEST_TARGET_NAME = outfitter;
				USES_XCTRUNNER = YES;
			};
			name = Release;
		};
/* End XCBuildConfiguration section */

/* Begin XCConfigurationList section */
		5EE6255C1CD16CEE00ED1539 /* Build configuration list for PBXProject "outfitter" */ = {
			isa = XCConfigurationList;
			buildConfigurations = (
				5EE6258F1CD16CEE00ED1539 /* Debug */,
				5EE625901CD16CEE00ED1539 /* Release */,
			);
			defaultConfigurationIsVisible = 0;
			defaultConfigurationName = Release;
		};
		5EE625911CD16CEE00ED1539 /* Build configuration list for PBXNativeTarget "outfitter" */ = {
			isa = XCConfigurationList;
			buildConfigurations = (
				5EE625921CD16CEE00ED1539 /* Debug */,
				5EE625931CD16CEE00ED1539 /* Release */,
			);
			defaultConfigurationIsVisible = 0;
		};
		5EE625941CD16CEE00ED1539 /* Build configuration list for PBXNativeTarget "outfitterTests" */ = {
			isa = XCConfigurationList;
			buildConfigurations = (
				5EE625951CD16CEE00ED1539 /* Debug */,
				5EE625961CD16CEE00ED1539 /* Release */,
			);
			defaultConfigurationIsVisible = 0;
		};
		5EE625971CD16CEE00ED1539 /* Build configuration list for PBXNativeTarget "outfitterUITests" */ = {
			isa = XCConfigurationList;
			buildConfigurations = (
				5EE625981CD16CEE00ED1539 /* Debug */,
				5EE625991CD16CEE00ED1539 /* Release */,
			);
			defaultConfigurationIsVisible = 0;
		};
/* End XCConfigurationList section */
	};
	rootObject = 5EE625591CD16CEE00ED1539 /* Project object */;
}
